// !$*UTF8*$!
{
	archiveVersion = 1;
	classes = {
	};
	objectVersion = 46;
	objects = {

/* Begin PBXBuildFile section */
		C70748631A77DF4800155ED1 /* AppDelegate.swift in Sources */ = {isa = PBXBuildFile; fileRef = C707485A1A77DF4800155ED1 /* AppDelegate.swift */; };
		C70748641A77DF4800155ED1 /* Images.xcassets in Resources */ = {isa = PBXBuildFile; fileRef = C707485C1A77DF4800155ED1 /* Images.xcassets */; };
		C70748651A77DF4800155ED1 /* LaunchScreen.xib in Resources */ = {isa = PBXBuildFile; fileRef = C707485D1A77DF4800155ED1 /* LaunchScreen.xib */; };
		C70748661A77DF4800155ED1 /* Main.storyboard in Resources */ = {isa = PBXBuildFile; fileRef = C707485E1A77DF4800155ED1 /* Main.storyboard */; };
		C70748681A77DF4800155ED1 /* StoresViewController.swift in Sources */ = {isa = PBXBuildFile; fileRef = C70748621A77DF4800155ED1 /* StoresViewController.swift */; };
		C707486C1A77E01700155ED1 /* MapKit.framework in Frameworks */ = {isa = PBXBuildFile; fileRef = C707486B1A77E01700155ED1 /* MapKit.framework */; };
		C70748701A77E3AB00155ED1 /* UIButton+Extensions.swift in Sources */ = {isa = PBXBuildFile; fileRef = C707486F1A77E3AB00155ED1 /* UIButton+Extensions.swift */; };
		C70748721A77F9D100155ED1 /* Parse.framework in Frameworks */ = {isa = PBXBuildFile; fileRef = C70748711A77F9D100155ED1 /* Parse.framework */; };
		C70748781A77FAB200155ED1 /* AudioToolbox.framework in Frameworks */ = {isa = PBXBuildFile; fileRef = C70748771A77FAB200155ED1 /* AudioToolbox.framework */; };
		C707487A1A77FAB800155ED1 /* Social.framework in Frameworks */ = {isa = PBXBuildFile; fileRef = C70748791A77FAB800155ED1 /* Social.framework */; };
		C707487C1A77FABE00155ED1 /* Accounts.framework in Frameworks */ = {isa = PBXBuildFile; fileRef = C707487B1A77FABE00155ED1 /* Accounts.framework */; };
		C707487E1A77FAC600155ED1 /* AdSupport.framework in Frameworks */ = {isa = PBXBuildFile; fileRef = C707487D1A77FAC600155ED1 /* AdSupport.framework */; };
		C70748801A77FACF00155ED1 /* CFNetwork.framework in Frameworks */ = {isa = PBXBuildFile; fileRef = C707487F1A77FACF00155ED1 /* CFNetwork.framework */; };
		C70748821A77FAD600155ED1 /* CoreGraphics.framework in Frameworks */ = {isa = PBXBuildFile; fileRef = C70748811A77FAD600155ED1 /* CoreGraphics.framework */; };
		C70748841A77FADD00155ED1 /* CoreLocation.framework in Frameworks */ = {isa = PBXBuildFile; fileRef = C70748831A77FADD00155ED1 /* CoreLocation.framework */; };
		C70748861A77FAE100155ED1 /* Foundation.framework in Frameworks */ = {isa = PBXBuildFile; fileRef = C70748851A77FAE100155ED1 /* Foundation.framework */; };
		C70748881A77FAEB00155ED1 /* libsqlite3.dylib in Frameworks */ = {isa = PBXBuildFile; fileRef = C70748871A77FAEB00155ED1 /* libsqlite3.dylib */; };
		C707488A1A77FAF400155ED1 /* libz.1.1.3.dylib in Frameworks */ = {isa = PBXBuildFile; fileRef = C70748891A77FAF400155ED1 /* libz.1.1.3.dylib */; };
		C707488C1A77FAFA00155ED1 /* MobileCoreServices.framework in Frameworks */ = {isa = PBXBuildFile; fileRef = C707488B1A77FAFA00155ED1 /* MobileCoreServices.framework */; };
		C707488E1A77FB1D00155ED1 /* Bolts.framework in Frameworks */ = {isa = PBXBuildFile; fileRef = C707488D1A77FB1D00155ED1 /* Bolts.framework */; };
		C7B5A0AD1A781CE700D00811 /* Default-568h@2x.png in Resources */ = {isa = PBXBuildFile; fileRef = C7B5A0AC1A781CE700D00811 /* Default-568h@2x.png */; };
		F51109C43ECC2A03065C5E75 /* Pods.framework in Frameworks */ = {isa = PBXBuildFile; fileRef = 2306457914F36A3FD113EB1F /* Pods.framework */; settings = {ATTRIBUTES = (Weak, ); }; };
/* End PBXBuildFile section */

/* Begin PBXFileReference section */
		167988FC9AF9CED9E8C52F87 /* Pods.release.xcconfig */ = {isa = PBXFileReference; includeInIndex = 1; lastKnownFileType = text.xcconfig; name = Pods.release.xcconfig; path = "Pods/Target Support Files/Pods/Pods.release.xcconfig"; sourceTree = "<group>"; };
		2306457914F36A3FD113EB1F /* Pods.framework */ = {isa = PBXFileReference; explicitFileType = wrapper.framework; includeInIndex = 0; path = Pods.framework; sourceTree = BUILT_PRODUCTS_DIR; };
		C70748341A77DEFE00155ED1 /* StoresLocator.app */ = {isa = PBXFileReference; explicitFileType = wrapper.application; includeInIndex = 0; path = StoresLocator.app; sourceTree = BUILT_PRODUCTS_DIR; };
		C707485A1A77DF4800155ED1 /* AppDelegate.swift */ = {isa = PBXFileReference; fileEncoding = 4; lastKnownFileType = sourcecode.swift; path = AppDelegate.swift; sourceTree = "<group>"; };
		C707485C1A77DF4800155ED1 /* Images.xcassets */ = {isa = PBXFileReference; lastKnownFileType = folder.assetcatalog; path = Images.xcassets; sourceTree = "<group>"; };
		C707485D1A77DF4800155ED1 /* LaunchScreen.xib */ = {isa = PBXFileReference; fileEncoding = 4; lastKnownFileType = file.xib; path = LaunchScreen.xib; sourceTree = "<group>"; };
		C707485E1A77DF4800155ED1 /* Main.storyboard */ = {isa = PBXFileReference; fileEncoding = 4; lastKnownFileType = file.storyboard; path = Main.storyboard; sourceTree = "<group>"; };
		C70748601A77DF4800155ED1 /* Info.plist */ = {isa = PBXFileReference; fileEncoding = 4; lastKnownFileType = text.plist.xml; path = Info.plist; sourceTree = "<group>"; };
		C70748621A77DF4800155ED1 /* StoresViewController.swift */ = {isa = PBXFileReference; fileEncoding = 4; lastKnownFileType = sourcecode.swift; path = StoresViewController.swift; sourceTree = "<group>"; };
		C707486B1A77E01700155ED1 /* MapKit.framework */ = {isa = PBXFileReference; lastKnownFileType = wrapper.framework; name = MapKit.framework; path = System/Library/Frameworks/MapKit.framework; sourceTree = SDKROOT; };
		C707486F1A77E3AB00155ED1 /* UIButton+Extensions.swift */ = {isa = PBXFileReference; fileEncoding = 4; lastKnownFileType = sourcecode.swift; path = "UIButton+Extensions.swift"; sourceTree = "<group>"; };
		C70748711A77F9D100155ED1 /* Parse.framework */ = {isa = PBXFileReference; lastKnownFileType = wrapper.framework; path = Parse.framework; sourceTree = "<group>"; };
		C70748731A77F9FF00155ED1 /* Stores Locator-Bridging-Header.h */ = {isa = PBXFileReference; lastKnownFileType = sourcecode.c.h; path = "Stores Locator-Bridging-Header.h"; sourceTree = "<group>"; };
		C70748771A77FAB200155ED1 /* AudioToolbox.framework */ = {isa = PBXFileReference; lastKnownFileType = wrapper.framework; name = AudioToolbox.framework; path = System/Library/Frameworks/AudioToolbox.framework; sourceTree = SDKROOT; };
		C70748791A77FAB800155ED1 /* Social.framework */ = {isa = PBXFileReference; lastKnownFileType = wrapper.framework; name = Social.framework; path = System/Library/Frameworks/Social.framework; sourceTree = SDKROOT; };
		C707487B1A77FABE00155ED1 /* Accounts.framework */ = {isa = PBXFileReference; lastKnownFileType = wrapper.framework; name = Accounts.framework; path = System/Library/Frameworks/Accounts.framework; sourceTree = SDKROOT; };
		C707487D1A77FAC600155ED1 /* AdSupport.framework */ = {isa = PBXFileReference; lastKnownFileType = wrapper.framework; name = AdSupport.framework; path = System/Library/Frameworks/AdSupport.framework; sourceTree = SDKROOT; };
		C707487F1A77FACF00155ED1 /* CFNetwork.framework */ = {isa = PBXFileReference; lastKnownFileType = wrapper.framework; name = CFNetwork.framework; path = System/Library/Frameworks/CFNetwork.framework; sourceTree = SDKROOT; };
		C70748811A77FAD600155ED1 /* CoreGraphics.framework */ = {isa = PBXFileReference; lastKnownFileType = wrapper.framework; name = CoreGraphics.framework; path = System/Library/Frameworks/CoreGraphics.framework; sourceTree = SDKROOT; };
		C70748831A77FADD00155ED1 /* CoreLocation.framework */ = {isa = PBXFileReference; lastKnownFileType = wrapper.framework; name = CoreLocation.framework; path = System/Library/Frameworks/CoreLocation.framework; sourceTree = SDKROOT; };
		C70748851A77FAE100155ED1 /* Foundation.framework */ = {isa = PBXFileReference; lastKnownFileType = wrapper.framework; name = Foundation.framework; path = System/Library/Frameworks/Foundation.framework; sourceTree = SDKROOT; };
		C70748871A77FAEB00155ED1 /* libsqlite3.dylib */ = {isa = PBXFileReference; lastKnownFileType = "compiled.mach-o.dylib"; name = libsqlite3.dylib; path = usr/lib/libsqlite3.dylib; sourceTree = SDKROOT; };
		C70748891A77FAF400155ED1 /* libz.1.1.3.dylib */ = {isa = PBXFileReference; lastKnownFileType = "compiled.mach-o.dylib"; name = libz.1.1.3.dylib; path = usr/lib/libz.1.1.3.dylib; sourceTree = SDKROOT; };
		C707488B1A77FAFA00155ED1 /* MobileCoreServices.framework */ = {isa = PBXFileReference; lastKnownFileType = wrapper.framework; name = MobileCoreServices.framework; path = System/Library/Frameworks/MobileCoreServices.framework; sourceTree = SDKROOT; };
		C707488D1A77FB1D00155ED1 /* Bolts.framework */ = {isa = PBXFileReference; lastKnownFileType = wrapper.framework; name = Bolts.framework; path = "../parse-library-1.6.2/Bolts.framework"; sourceTree = "<group>"; };
		C7B5A0AC1A781CE700D00811 /* Default-568h@2x.png */ = {isa = PBXFileReference; lastKnownFileType = image.png; path = "Default-568h@2x.png"; sourceTree = "<group>"; };
		F0CC6380358AA0D67426DDAE /* Pods.debug.xcconfig */ = {isa = PBXFileReference; includeInIndex = 1; lastKnownFileType = text.xcconfig; name = Pods.debug.xcconfig; path = "Pods/Target Support Files/Pods/Pods.debug.xcconfig"; sourceTree = "<group>"; };
/* End PBXFileReference section */

/* Begin PBXFrameworksBuildPhase section */
		C70748311A77DEFE00155ED1 /* Frameworks */ = {
			isa = PBXFrameworksBuildPhase;
			buildActionMask = 2147483647;
			files = (
				C707487A1A77FAB800155ED1 /* Social.framework in Frameworks */,
				C707488C1A77FAFA00155ED1 /* MobileCoreServices.framework in Frameworks */,
				C707488A1A77FAF400155ED1 /* libz.1.1.3.dylib in Frameworks */,
				C70748881A77FAEB00155ED1 /* libsqlite3.dylib in Frameworks */,
				C70748861A77FAE100155ED1 /* Foundation.framework in Frameworks */,
				C70748841A77FADD00155ED1 /* CoreLocation.framework in Frameworks */,
				C70748821A77FAD600155ED1 /* CoreGraphics.framework in Frameworks */,
				C70748801A77FACF00155ED1 /* CFNetwork.framework in Frameworks */,
				C707487E1A77FAC600155ED1 /* AdSupport.framework in Frameworks */,
				C707487C1A77FABE00155ED1 /* Accounts.framework in Frameworks */,
				C70748781A77FAB200155ED1 /* AudioToolbox.framework in Frameworks */,
				C70748721A77F9D100155ED1 /* Parse.framework in Frameworks */,
				C707486C1A77E01700155ED1 /* MapKit.framework in Frameworks */,
				C707488E1A77FB1D00155ED1 /* Bolts.framework in Frameworks */,
				F51109C43ECC2A03065C5E75 /* Pods.framework in Frameworks */,
			);
			runOnlyForDeploymentPostprocessing = 0;
		};
/* End PBXFrameworksBuildPhase section */

/* Begin PBXGroup section */
		4FDD443BEE4DBEE02781D85D /* Pods */ = {
			isa = PBXGroup;
			children = (
				F0CC6380358AA0D67426DDAE /* Pods.debug.xcconfig */,
				167988FC9AF9CED9E8C52F87 /* Pods.release.xcconfig */,
			);
			name = Pods;
			sourceTree = "<group>";
		};
		C707482B1A77DEFE00155ED1 = {
			isa = PBXGroup;
			children = (
				C7B5A0AC1A781CE700D00811 /* Default-568h@2x.png */,
				C70748361A77DEFE00155ED1 /* StoresLocator */,
				C707488F1A77FB6100155ED1 /* Frameworks */,
				C70748351A77DEFE00155ED1 /* Products */,
				4FDD443BEE4DBEE02781D85D /* Pods */,
			);
			sourceTree = "<group>";
		};
		C70748351A77DEFE00155ED1 /* Products */ = {
			isa = PBXGroup;
			children = (
				C70748341A77DEFE00155ED1 /* StoresLocator.app */,
			);
			name = Products;
			sourceTree = "<group>";
		};
		C70748361A77DEFE00155ED1 /* StoresLocator */ = {
			isa = PBXGroup;
			children = (
				C70748591A77DF4800155ED1 /* App Delegate */,
				C707486D1A77E38600155ED1 /* Additions */,
				C70748611A77DF4800155ED1 /* View Controllers */,
				C707485B1A77DF4800155ED1 /* Resources */,
				C707485F1A77DF4800155ED1 /* Supporting Files */,
			);
			path = StoresLocator;
			sourceTree = "<group>";
		};
		C70748591A77DF4800155ED1 /* App Delegate */ = {
			isa = PBXGroup;
			children = (
				C707485A1A77DF4800155ED1 /* AppDelegate.swift */,
			);
			path = "App Delegate";
			sourceTree = "<group>";
		};
		C707485B1A77DF4800155ED1 /* Resources */ = {
			isa = PBXGroup;
			children = (
				C707485C1A77DF4800155ED1 /* Images.xcassets */,
				C707485D1A77DF4800155ED1 /* LaunchScreen.xib */,
				C707485E1A77DF4800155ED1 /* Main.storyboard */,
			);
			path = Resources;
			sourceTree = "<group>";
		};
		C707485F1A77DF4800155ED1 /* Supporting Files */ = {
			isa = PBXGroup;
			children = (
				C70748601A77DF4800155ED1 /* Info.plist */,
				C70748731A77F9FF00155ED1 /* Stores Locator-Bridging-Header.h */,
			);
			path = "Supporting Files";
			sourceTree = "<group>";
		};
		C70748611A77DF4800155ED1 /* View Controllers */ = {
			isa = PBXGroup;
			children = (
				C70748621A77DF4800155ED1 /* StoresViewController.swift */,
			);
			path = "View Controllers";
			sourceTree = "<group>";
		};
		C707486D1A77E38600155ED1 /* Additions */ = {
			isa = PBXGroup;
			children = (
				C707486E1A77E39F00155ED1 /* Extensions */,
			);
			path = Additions;
			sourceTree = "<group>";
		};
		C707486E1A77E39F00155ED1 /* Extensions */ = {
			isa = PBXGroup;
			children = (
				C707486F1A77E3AB00155ED1 /* UIButton+Extensions.swift */,
			);
			path = Extensions;
			sourceTree = "<group>";
		};
		C707488F1A77FB6100155ED1 /* Frameworks */ = {
			isa = PBXGroup;
			children = (
				C707488D1A77FB1D00155ED1 /* Bolts.framework */,
				C707488B1A77FAFA00155ED1 /* MobileCoreServices.framework */,
				C70748891A77FAF400155ED1 /* libz.1.1.3.dylib */,
				C70748871A77FAEB00155ED1 /* libsqlite3.dylib */,
				C70748851A77FAE100155ED1 /* Foundation.framework */,
				C70748831A77FADD00155ED1 /* CoreLocation.framework */,
				C70748811A77FAD600155ED1 /* CoreGraphics.framework */,
				C707487F1A77FACF00155ED1 /* CFNetwork.framework */,
				C707487D1A77FAC600155ED1 /* AdSupport.framework */,
				C707487B1A77FABE00155ED1 /* Accounts.framework */,
				C70748791A77FAB800155ED1 /* Social.framework */,
				C70748771A77FAB200155ED1 /* AudioToolbox.framework */,
				C70748711A77F9D100155ED1 /* Parse.framework */,
				C707486B1A77E01700155ED1 /* MapKit.framework */,
				2306457914F36A3FD113EB1F /* Pods.framework */,
			);
			name = Frameworks;
			sourceTree = "<group>";
		};
/* End PBXGroup section */

/* Begin PBXNativeTarget section */
		C70748331A77DEFE00155ED1 /* StoresLocator */ = {
			isa = PBXNativeTarget;
			buildConfigurationList = C70748531A77DEFE00155ED1 /* Build configuration list for PBXNativeTarget "StoresLocator" */;
			buildPhases = (
				B6E4C1F59684C57EFC2B0419 /* Check Pods Manifest.lock */,
				C70748301A77DEFE00155ED1 /* Sources */,
				C70748311A77DEFE00155ED1 /* Frameworks */,
				C70748321A77DEFE00155ED1 /* Resources */,
				79FBC136E7CE0C52320FEE85 /* Embed Pods Frameworks */,
				CB7ABCF0F7D93268EBF456EA /* Copy Pods Resources */,
			);
			buildRules = (
			);
			dependencies = (
			);
			name = StoresLocator;
			productName = "Stores Locator";
			productReference = C70748341A77DEFE00155ED1 /* StoresLocator.app */;
			productType = "com.apple.product-type.application";
		};
/* End PBXNativeTarget section */

/* Begin PBXProject section */
		C707482C1A77DEFE00155ED1 /* Project object */ = {
			isa = PBXProject;
			attributes = {
				LastUpgradeCheck = 0610;
				ORGANIZATIONNAME = RP;
				TargetAttributes = {
					C70748331A77DEFE00155ED1 = {
						CreatedOnToolsVersion = 6.1.1;
						SystemCapabilities = {
							com.apple.Maps.iOS = {
								enabled = 1;
							};
						};
					};
				};
			};
			buildConfigurationList = C707482F1A77DEFE00155ED1 /* Build configuration list for PBXProject "StoresLocator" */;
			compatibilityVersion = "Xcode 3.2";
			developmentRegion = English;
			hasScannedForEncodings = 0;
			knownRegions = (
				en,
				Base,
			);
			mainGroup = C707482B1A77DEFE00155ED1;
			productRefGroup = C70748351A77DEFE00155ED1 /* Products */;
			projectDirPath = "";
			projectRoot = "";
			targets = (
				C70748331A77DEFE00155ED1 /* StoresLocator */,
			);
		};
/* End PBXProject section */

/* Begin PBXResourcesBuildPhase section */
		C70748321A77DEFE00155ED1 /* Resources */ = {
			isa = PBXResourcesBuildPhase;
			buildActionMask = 2147483647;
			files = (
				C70748661A77DF4800155ED1 /* Main.storyboard in Resources */,
				C7B5A0AD1A781CE700D00811 /* Default-568h@2x.png in Resources */,
				C70748651A77DF4800155ED1 /* LaunchScreen.xib in Resources */,
				C70748641A77DF4800155ED1 /* Images.xcassets in Resources */,
			);
			runOnlyForDeploymentPostprocessing = 0;
		};
/* End PBXResourcesBuildPhase section */

/* Begin PBXShellScriptBuildPhase section */
		79FBC136E7CE0C52320FEE85 /* Embed Pods Frameworks */ = {
			isa = PBXShellScriptBuildPhase;
			buildActionMask = 2147483647;
			files = (
			);
			inputPaths = (
			);
			name = "Embed Pods Frameworks";
			outputPaths = (
			);
			runOnlyForDeploymentPostprocessing = 0;
			shellPath = /bin/sh;
			shellScript = "\"${SRCROOT}/Pods/Target Support Files/Pods/Pods-frameworks.sh\"\n";
			showEnvVarsInLog = 0;
		};
		B6E4C1F59684C57EFC2B0419 /* Check Pods Manifest.lock */ = {
			isa = PBXShellScriptBuildPhase;
			buildActionMask = 2147483647;
			files = (
			);
			inputPaths = (
			);
			name = "Check Pods Manifest.lock";
			outputPaths = (
			);
			runOnlyForDeploymentPostprocessing = 0;
			shellPath = /bin/sh;
			shellScript = "diff \"${PODS_ROOT}/../Podfile.lock\" \"${PODS_ROOT}/Manifest.lock\" > /dev/null\nif [[ $? != 0 ]] ; then\n    cat << EOM\nerror: The sandbox is not in sync with the Podfile.lock. Run 'pod install' or update your CocoaPods installation.\nEOM\n    exit 1\nfi\n";
			showEnvVarsInLog = 0;
		};
		CB7ABCF0F7D93268EBF456EA /* Copy Pods Resources */ = {
			isa = PBXShellScriptBuildPhase;
			buildActionMask = 2147483647;
			files = (
			);
			inputPaths = (
			);
			name = "Copy Pods Resources";
			outputPaths = (
			);
			runOnlyForDeploymentPostprocessing = 0;
			shellPath = /bin/sh;
			shellScript = "\"${SRCROOT}/Pods/Target Support Files/Pods/Pods-resources.sh\"\n";
			showEnvVarsInLog = 0;
		};
/* End PBXShellScriptBuildPhase section */

/* Begin PBXSourcesBuildPhase section */
		C70748301A77DEFE00155ED1 /* Sources */ = {
			isa = PBXSourcesBuildPhase;
			buildActionMask = 2147483647;
			files = (
				C70748681A77DF4800155ED1 /* StoresViewController.swift in Sources */,
				C70748701A77E3AB00155ED1 /* UIButton+Extensions.swift in Sources */,
				C70748631A77DF4800155ED1 /* AppDelegate.swift in Sources */,
			);
			runOnlyForDeploymentPostprocessing = 0;
		};
/* End PBXSourcesBuildPhase section */

/* Begin XCBuildConfiguration section */
		C70748511A77DEFE00155ED1 /* Debug */ = {
			isa = XCBuildConfiguration;
			buildSettings = {
				ALWAYS_SEARCH_USER_PATHS = NO;
				CLANG_CXX_LANGUAGE_STANDARD = "gnu++0x";
				CLANG_CXX_LIBRARY = "libc++";
				CLANG_ENABLE_MODULES = YES;
				CLANG_ENABLE_OBJC_ARC = YES;
				CLANG_WARN_BOOL_CONVERSION = YES;
				CLANG_WARN_CONSTANT_CONVERSION = YES;
				CLANG_WARN_DIRECT_OBJC_ISA_USAGE = YES_ERROR;
				CLANG_WARN_EMPTY_BODY = YES;
				CLANG_WARN_ENUM_CONVERSION = YES;
				CLANG_WARN_INT_CONVERSION = YES;
				CLANG_WARN_OBJC_ROOT_CLASS = YES_ERROR;
				CLANG_WARN_UNREACHABLE_CODE = YES;
				CLANG_WARN__DUPLICATE_METHOD_MATCH = YES;
				"CODE_SIGN_IDENTITY[sdk=iphoneos*]" = "iPhone Developer";
				COPY_PHASE_STRIP = NO;
				ENABLE_STRICT_OBJC_MSGSEND = YES;
				GCC_C_LANGUAGE_STANDARD = gnu99;
				GCC_DYNAMIC_NO_PIC = NO;
				GCC_OPTIMIZATION_LEVEL = 0;
				GCC_PREPROCESSOR_DEFINITIONS = (
					"DEBUG=1",
					"$(inherited)",
				);
				GCC_SYMBOLS_PRIVATE_EXTERN = NO;
				GCC_WARN_64_TO_32_BIT_CONVERSION = YES;
				GCC_WARN_ABOUT_RETURN_TYPE = YES_ERROR;
				GCC_WARN_UNDECLARED_SELECTOR = YES;
				GCC_WARN_UNINITIALIZED_AUTOS = YES_AGGRESSIVE;
				GCC_WARN_UNUSED_FUNCTION = YES;
				GCC_WARN_UNUSED_VARIABLE = YES;
				IPHONEOS_DEPLOYMENT_TARGET = 8.1;
				MTL_ENABLE_DEBUG_INFO = YES;
				ONLY_ACTIVE_ARCH = YES;
				SDKROOT = iphoneos;
				SWIFT_OPTIMIZATION_LEVEL = "-Onone";
			};
			name = Debug;
		};
		C70748521A77DEFE00155ED1 /* Release */ = {
			isa = XCBuildConfiguration;
			buildSettings = {
				ALWAYS_SEARCH_USER_PATHS = NO;
				CLANG_CXX_LANGUAGE_STANDARD = "gnu++0x";
				CLANG_CXX_LIBRARY = "libc++";
				CLANG_ENABLE_MODULES = YES;
				CLANG_ENABLE_OBJC_ARC = YES;
				CLANG_WARN_BOOL_CONVERSION = YES;
				CLANG_WARN_CONSTANT_CONVERSION = YES;
				CLANG_WARN_DIRECT_OBJC_ISA_USAGE = YES_ERROR;
				CLANG_WARN_EMPTY_BODY = YES;
				CLANG_WARN_ENUM_CONVERSION = YES;
				CLANG_WARN_INT_CONVERSION = YES;
				CLANG_WARN_OBJC_ROOT_CLASS = YES_ERROR;
				CLANG_WARN_UNREACHABLE_CODE = YES;
				CLANG_WARN__DUPLICATE_METHOD_MATCH = YES;
				"CODE_SIGN_IDENTITY[sdk=iphoneos*]" = "iPhone Developer";
				COPY_PHASE_STRIP = YES;
				ENABLE_NS_ASSERTIONS = NO;
				ENABLE_STRICT_OBJC_MSGSEND = YES;
				GCC_C_LANGUAGE_STANDARD = gnu99;
				GCC_WARN_64_TO_32_BIT_CONVERSION = YES;
				GCC_WARN_ABOUT_RETURN_TYPE = YES_ERROR;
				GCC_WARN_UNDECLARED_SELECTOR = YES;
				GCC_WARN_UNINITIALIZED_AUTOS = YES_AGGRESSIVE;
				GCC_WARN_UNUSED_FUNCTION = YES;
				GCC_WARN_UNUSED_VARIABLE = YES;
				IPHONEOS_DEPLOYMENT_TARGET = 8.1;
				MTL_ENABLE_DEBUG_INFO = NO;
				SDKROOT = iphoneos;
				VALIDATE_PRODUCT = YES;
			};
			name = Release;
		};
		C70748541A77DEFE00155ED1 /* Debug */ = {
			isa = XCBuildConfiguration;
			baseConfigurationReference = F0CC6380358AA0D67426DDAE /* Pods.debug.xcconfig */;
			buildSettings = {
				ASSETCATALOG_COMPILER_APPICON_NAME = AppIcon;
				CLANG_ENABLE_MODULES = YES;
				FRAMEWORK_SEARCH_PATHS = (
					"$(inherited)",
					"$(PROJECT_DIR)",
					"/Users/ruiperes/Desktop/parse-library-1.6.2",
				);
				INFOPLIST_FILE = "StoresLocator/Supporting Files/Info.plist";
				LD_RUNPATH_SEARCH_PATHS = "$(inherited) @executable_path/Frameworks";
				PRODUCT_NAME = StoresLocator;
				SWIFT_OBJC_BRIDGING_HEADER = "StoresLocator/Supporting Files/Stores Locator-Bridging-Header.h";
				SWIFT_OPTIMIZATION_LEVEL = "-Onone";
			};
			name = Debug;
		};
		C70748551A77DEFE00155ED1 /* Release */ = {
			isa = XCBuildConfiguration;
			baseConfigurationReference = 167988FC9AF9CED9E8C52F87 /* Pods.release.xcconfig */;
			buildSettings = {
				ASSETCATALOG_COMPILER_APPICON_NAME = AppIcon;
				CLANG_ENABLE_MODULES = YES;
				FRAMEWORK_SEARCH_PATHS = (
					"$(inherited)",
					"$(PROJECT_DIR)",
					"/Users/ruiperes/Desktop/parse-library-1.6.2",
				);
				INFOPLIST_FILE = "StoresLocator/Supporting Files/Info.plist";
				LD_RUNPATH_SEARCH_PATHS = "$(inherited) @executable_path/Frameworks";
				PRODUCT_NAME = StoresLocator;
				SWIFT_OBJC_BRIDGING_HEADER = "StoresLocator/Supporting Files/Stores Locator-Bridging-Header.h";
			};
			name = Release;
		};
/* End XCBuildConfiguration section */

/* Begin XCConfigurationList section */
		C707482F1A77DEFE00155ED1 /* Build configuration list for PBXProject "StoresLocator" */ = {
			isa = XCConfigurationList;
			buildConfigurations = (
				C70748511A77DEFE00155ED1 /* Debug */,
				C70748521A77DEFE00155ED1 /* Release */,
			);
			defaultConfigurationIsVisible = 0;
			defaultConfigurationName = Release;
		};
		C70748531A77DEFE00155ED1 /* Build configuration list for PBXNativeTarget "StoresLocator" */ = {
			isa = XCConfigurationList;
			buildConfigurations = (
				C70748541A77DEFE00155ED1 /* Debug */,
				C70748551A77DEFE00155ED1 /* Release */,
			);
			defaultConfigurationIsVisible = 0;
			defaultConfigurationName = Release;
		};
/* End XCConfigurationList section */
	};
	rootObject = C707482C1A77DEFE00155ED1 /* Project object */;
}
