// !$*UTF8*$!
{
	archiveVersion = 1;
	classes = {
	};
	objectVersion = 46;
	objects = {

/* Begin PBXBuildFile section */
		C70748631A77DF4800155ED1 /* AppDelegate.swift in Sources */ = {isa = PBXBuildFile; fileRef = C707485A1A77DF4800155ED1 /* AppDelegate.swift */; };
		C70748641A77DF4800155ED1 /* Images.xcassets in Resources */ = {isa = PBXBuildFile; fileRef = C707485C1A77DF4800155ED1 /* Images.xcassets */; };
		C70748651A77DF4800155ED1 /* LaunchScreen.xib in Resources */ = {isa = PBXBuildFile; fileRef = C707485D1A77DF4800155ED1 /* LaunchScreen.xib */; };
		C70748661A77DF4800155ED1 /* Main.storyboard in Resources */ = {isa = PBXBuildFile; fileRef = C707485E1A77DF4800155ED1 /* Main.storyboard */; };
		C70748681A77DF4800155ED1 /* StoresViewController.swift in Sources */ = {isa = PBXBuildFile; fileRef = C70748621A77DF4800155ED1 /* StoresViewController.swift */; };
		C707486C1A77E01700155ED1 /* MapKit.framework in Frameworks */ = {isa = PBXBuildFile; fileRef = C707486B1A77E01700155ED1 /* MapKit.framework */; };
		C70748701A77E3AB00155ED1 /* UIButton+Extensions.swift in Sources */ = {isa = PBXBuildFile; fileRef = C707486F1A77E3AB00155ED1 /* UIButton+Extensions.swift */; };
/* End PBXBuildFile section */

/* Begin PBXFileReference section */
		C70748341A77DEFE00155ED1 /* Stores Locator.app */ = {isa = PBXFileReference; explicitFileType = wrapper.application; includeInIndex = 0; path = "Stores Locator.app"; sourceTree = BUILT_PRODUCTS_DIR; };
		C707485A1A77DF4800155ED1 /* AppDelegate.swift */ = {isa = PBXFileReference; fileEncoding = 4; lastKnownFileType = sourcecode.swift; path = AppDelegate.swift; sourceTree = "<group>"; };
		C707485C1A77DF4800155ED1 /* Images.xcassets */ = {isa = PBXFileReference; lastKnownFileType = folder.assetcatalog; path = Images.xcassets; sourceTree = "<group>"; };
		C707485D1A77DF4800155ED1 /* LaunchScreen.xib */ = {isa = PBXFileReference; fileEncoding = 4; lastKnownFileType = file.xib; path = LaunchScreen.xib; sourceTree = "<group>"; };
		C707485E1A77DF4800155ED1 /* Main.storyboard */ = {isa = PBXFileReference; fileEncoding = 4; lastKnownFileType = file.storyboard; path = Main.storyboard; sourceTree = "<group>"; };
		C70748601A77DF4800155ED1 /* Info.plist */ = {isa = PBXFileReference; fileEncoding = 4; lastKnownFileType = text.plist.xml; path = Info.plist; sourceTree = "<group>"; };
		C70748621A77DF4800155ED1 /* StoresViewController.swift */ = {isa = PBXFileReference; fileEncoding = 4; lastKnownFileType = sourcecode.swift; path = StoresViewController.swift; sourceTree = "<group>"; };
		C707486B1A77E01700155ED1 /* MapKit.framework */ = {isa = PBXFileReference; lastKnownFileType = wrapper.framework; name = MapKit.framework; path = System/Library/Frameworks/MapKit.framework; sourceTree = SDKROOT; };
		C707486F1A77E3AB00155ED1 /* UIButton+Extensions.swift */ = {isa = PBXFileReference; fileEncoding = 4; lastKnownFileType = sourcecode.swift; path = "UIButton+Extensions.swift"; sourceTree = "<group>"; };
/* End PBXFileReference section */

/* Begin PBXFrameworksBuildPhase section */
		C70748311A77DEFE00155ED1 /* Frameworks */ = {
			isa = PBXFrameworksBuildPhase;
			buildActionMask = 2147483647;
			files = (
				C707486C1A77E01700155ED1 /* MapKit.framework in Frameworks */,
			);
			runOnlyForDeploymentPostprocessing = 0;
		};
/* End PBXFrameworksBuildPhase section */

/* Begin PBXGroup section */
		C707482B1A77DEFE00155ED1 = {
			isa = PBXGroup;
			children = (
				C707486B1A77E01700155ED1 /* MapKit.framework */,
				C70748361A77DEFE00155ED1 /* Stores Locator */,
				C70748351A77DEFE00155ED1 /* Products */,
			);
			sourceTree = "<group>";
		};
		C70748351A77DEFE00155ED1 /* Products */ = {
			isa = PBXGroup;
			children = (
				C70748341A77DEFE00155ED1 /* Stores Locator.app */,
			);
			name = Products;
			sourceTree = "<group>";
		};
		C70748361A77DEFE00155ED1 /* Stores Locator */ = {
			isa = PBXGroup;
			children = (
				C70748591A77DF4800155ED1 /* App Delegate */,
				C707486D1A77E38600155ED1 /* Additions */,
				C70748611A77DF4800155ED1 /* View Controllers */,
				C707485B1A77DF4800155ED1 /* Resources */,
				C707485F1A77DF4800155ED1 /* Supporting Files */,
			);
			path = "Stores Locator";
			sourceTree = "<group>";
		};
		C70748591A77DF4800155ED1 /* App Delegate */ = {
			isa = PBXGroup;
			children = (
				C707485A1A77DF4800155ED1 /* AppDelegate.swift */,
			);
			path = "App Delegate";
			sourceTree = "<group>";
		};
		C707485B1A77DF4800155ED1 /* Resources */ = {
			isa = PBXGroup;
			children = (
				C707485C1A77DF4800155ED1 /* Images.xcassets */,
				C707485D1A77DF4800155ED1 /* LaunchScreen.xib */,
				C707485E1A77DF4800155ED1 /* Main.storyboard */,
			);
			path = Resources;
			sourceTree = "<group>";
		};
		C707485F1A77DF4800155ED1 /* Supporting Files */ = {
			isa = PBXGroup;
			children = (
				C70748601A77DF4800155ED1 /* Info.plist */,
			);
			path = "Supporting Files";
			sourceTree = "<group>";
		};
		C70748611A77DF4800155ED1 /* View Controllers */ = {
			isa = PBXGroup;
			children = (
				C70748621A77DF4800155ED1 /* StoresViewController.swift */,
			);
			path = "View Controllers";
			sourceTree = "<group>";
		};
		C707486D1A77E38600155ED1 /* Additions */ = {
			isa = PBXGroup;
			children = (
				C707486E1A77E39F00155ED1 /* Extensions */,
			);
			path = Additions;
			sourceTree = "<group>";
		};
		C707486E1A77E39F00155ED1 /* Extensions */ = {
			isa = PBXGroup;
			children = (
				C707486F1A77E3AB00155ED1 /* UIButton+Extensions.swift */,
			);
			path = Extensions;
			sourceTree = "<group>";
		};
/* End PBXGroup section */

/* Begin PBXNativeTarget section */
		C70748331A77DEFE00155ED1 /* Stores Locator */ = {
			isa = PBXNativeTarget;
			buildConfigurationList = C70748531A77DEFE00155ED1 /* Build configuration list for PBXNativeTarget "Stores Locator" */;
			buildPhases = (
				C70748301A77DEFE00155ED1 /* Sources */,
				C70748311A77DEFE00155ED1 /* Frameworks */,
				C70748321A77DEFE00155ED1 /* Resources */,
			);
			buildRules = (
			);
			dependencies = (
			);
			name = "Stores Locator";
			productName = "Stores Locator";
			productReference = C70748341A77DEFE00155ED1 /* Stores Locator.app */;
			productType = "com.apple.product-type.application";
		};
/* End PBXNativeTarget section */

/* Begin PBXProject section */
		C707482C1A77DEFE00155ED1 /* Project object */ = {
			isa = PBXProject;
			attributes = {
				LastUpgradeCheck = 0610;
				ORGANIZATIONNAME = RP;
				TargetAttributes = {
					C70748331A77DEFE00155ED1 = {
						CreatedOnToolsVersion = 6.1.1;
						SystemCapabilities = {
							com.apple.Maps.iOS = {
								enabled = 1;
							};
						};
					};
				};
			};
			buildConfigurationList = C707482F1A77DEFE00155ED1 /* Build configuration list for PBXProject "Stores Locator" */;
			compatibilityVersion = "Xcode 3.2";
			developmentRegion = English;
			hasScannedForEncodings = 0;
			knownRegions = (
				en,
				Base,
			);
			mainGroup = C707482B1A77DEFE00155ED1;
			productRefGroup = C70748351A77DEFE00155ED1 /* Products */;
			projectDirPath = "";
			projectRoot = "";
			targets = (
				C70748331A77DEFE00155ED1 /* Stores Locator */,
			);
		};
/* End PBXProject section */

/* Begin PBXResourcesBuildPhase section */
		C70748321A77DEFE00155ED1 /* Resources */ = {
			isa = PBXResourcesBuildPhase;
			buildActionMask = 2147483647;
			files = (
				C70748661A77DF4800155ED1 /* Main.storyboard in Resources */,
				C70748651A77DF4800155ED1 /* LaunchScreen.xib in Resources */,
				C70748641A77DF4800155ED1 /* Images.xcassets in Resources */,
			);
			runOnlyForDeploymentPostprocessing = 0;
		};
/* End PBXResourcesBuildPhase section */

/* Begin PBXSourcesBuildPhase section */
		C70748301A77DEFE00155ED1 /* Sources */ = {
			isa = PBXSourcesBuildPhase;
			buildActionMask = 2147483647;
			files = (
				C70748681A77DF4800155ED1 /* StoresViewController.swift in Sources */,
				C70748701A77E3AB00155ED1 /* UIButton+Extensions.swift in Sources */,
				C70748631A77DF4800155ED1 /* AppDelegate.swift in Sources */,
			);
			runOnlyForDeploymentPostprocessing = 0;
		};
/* End PBXSourcesBuildPhase section */

/* Begin XCBuildConfiguration section */
		C70748511A77DEFE00155ED1 /* Debug */ = {
			isa = XCBuildConfiguration;
			buildSettings = {
				ALWAYS_SEARCH_USER_PATHS = NO;
				CLANG_CXX_LANGUAGE_STANDARD = "gnu++0x";
				CLANG_CXX_LIBRARY = "libc++";
				CLANG_ENABLE_MODULES = YES;
				CLANG_ENABLE_OBJC_ARC = YES;
				CLANG_WARN_BOOL_CONVERSION = YES;
				CLANG_WARN_CONSTANT_CONVERSION = YES;
				CLANG_WARN_DIRECT_OBJC_ISA_USAGE = YES_ERROR;
				CLANG_WARN_EMPTY_BODY = YES;
				CLANG_WARN_ENUM_CONVERSION = YES;
				CLANG_WARN_INT_CONVERSION = YES;
				CLANG_WARN_OBJC_ROOT_CLASS = YES_ERROR;
				CLANG_WARN_UNREACHABLE_CODE = YES;
				CLANG_WARN__DUPLICATE_METHOD_MATCH = YES;
				"CODE_SIGN_IDENTITY[sdk=iphoneos*]" = "iPhone Developer";
				COPY_PHASE_STRIP = NO;
				ENABLE_STRICT_OBJC_MSGSEND = YES;
				GCC_C_LANGUAGE_STANDARD = gnu99;
				GCC_DYNAMIC_NO_PIC = NO;
				GCC_OPTIMIZATION_LEVEL = 0;
				GCC_PREPROCESSOR_DEFINITIONS = (
					"DEBUG=1",
					"$(inherited)",
				);
				GCC_SYMBOLS_PRIVATE_EXTERN = NO;
				GCC_WARN_64_TO_32_BIT_CONVERSION = YES;
				GCC_WARN_ABOUT_RETURN_TYPE = YES_ERROR;
				GCC_WARN_UNDECLARED_SELECTOR = YES;
				GCC_WARN_UNINITIALIZED_AUTOS = YES_AGGRESSIVE;
				GCC_WARN_UNUSED_FUNCTION = YES;
				GCC_WARN_UNUSED_VARIABLE = YES;
				IPHONEOS_DEPLOYMENT_TARGET = 8.1;
				MTL_ENABLE_DEBUG_INFO = YES;
				ONLY_ACTIVE_ARCH = YES;
				SDKROOT = iphoneos;
				SWIFT_OPTIMIZATION_LEVEL = "-Onone";
			};
			name = Debug;
		};
		C70748521A77DEFE00155ED1 /* Release */ = {
			isa = XCBuildConfiguration;
			buildSettings = {
				ALWAYS_SEARCH_USER_PATHS = NO;
				CLANG_CXX_LANGUAGE_STANDARD = "gnu++0x";
				CLANG_CXX_LIBRARY = "libc++";
				CLANG_ENABLE_MODULES = YES;
				CLANG_ENABLE_OBJC_ARC = YES;
				CLANG_WARN_BOOL_CONVERSION = YES;
				CLANG_WARN_CONSTANT_CONVERSION = YES;
				CLANG_WARN_DIRECT_OBJC_ISA_USAGE = YES_ERROR;
				CLANG_WARN_EMPTY_BODY = YES;
				CLANG_WARN_ENUM_CONVERSION = YES;
				CLANG_WARN_INT_CONVERSION = YES;
				CLANG_WARN_OBJC_ROOT_CLASS = YES_ERROR;
				CLANG_WARN_UNREACHABLE_CODE = YES;
				CLANG_WARN__DUPLICATE_METHOD_MATCH = YES;
				"CODE_SIGN_IDENTITY[sdk=iphoneos*]" = "iPhone Developer";
				COPY_PHASE_STRIP = YES;
				ENABLE_NS_ASSERTIONS = NO;
				ENABLE_STRICT_OBJC_MSGSEND = YES;
				GCC_C_LANGUAGE_STANDARD = gnu99;
				GCC_WARN_64_TO_32_BIT_CONVERSION = YES;
				GCC_WARN_ABOUT_RETURN_TYPE = YES_ERROR;
				GCC_WARN_UNDECLARED_SELECTOR = YES;
				GCC_WARN_UNINITIALIZED_AUTOS = YES_AGGRESSIVE;
				GCC_WARN_UNUSED_FUNCTION = YES;
				GCC_WARN_UNUSED_VARIABLE = YES;
				IPHONEOS_DEPLOYMENT_TARGET = 8.1;
				MTL_ENABLE_DEBUG_INFO = NO;
				SDKROOT = iphoneos;
				VALIDATE_PRODUCT = YES;
			};
			name = Release;
		};
		C70748541A77DEFE00155ED1 /* Debug */ = {
			isa = XCBuildConfiguration;
			buildSettings = {
				ASSETCATALOG_COMPILER_APPICON_NAME = AppIcon;
				INFOPLIST_FILE = "Stores Locator/Supporting Files/Info.plist";
				LD_RUNPATH_SEARCH_PATHS = "$(inherited) @executable_path/Frameworks";
				PRODUCT_NAME = "$(TARGET_NAME)";
			};
			name = Debug;
		};
		C70748551A77DEFE00155ED1 /* Release */ = {
			isa = XCBuildConfiguration;
			buildSettings = {
				ASSETCATALOG_COMPILER_APPICON_NAME = AppIcon;
				INFOPLIST_FILE = "Stores Locator/Supporting Files/Info.plist";
				LD_RUNPATH_SEARCH_PATHS = "$(inherited) @executable_path/Frameworks";
				PRODUCT_NAME = "$(TARGET_NAME)";
			};
			name = Release;
		};
/* End XCBuildConfiguration section */

/* Begin XCConfigurationList section */
		C707482F1A77DEFE00155ED1 /* Build configuration list for PBXProject "Stores Locator" */ = {
			isa = XCConfigurationList;
			buildConfigurations = (
				C70748511A77DEFE00155ED1 /* Debug */,
				C70748521A77DEFE00155ED1 /* Release */,
			);
			defaultConfigurationIsVisible = 0;
			defaultConfigurationName = Release;
		};
		C70748531A77DEFE00155ED1 /* Build configuration list for PBXNativeTarget "Stores Locator" */ = {
			isa = XCConfigurationList;
			buildConfigurations = (
				C70748541A77DEFE00155ED1 /* Debug */,
				C70748551A77DEFE00155ED1 /* Release */,
			);
			defaultConfigurationIsVisible = 0;
			defaultConfigurationName = Release;
		};
/* End XCConfigurationList section */
	};
	rootObject = C707482C1A77DEFE00155ED1 /* Project object */;
}
